{"1.1.0",
[{<<"quickrand">>,{pkg,<<"quickrand">>,<<"1.7.3">>},1},
 {<<"uuid">>,{pkg,<<"uuid_erl">>,<<"1.7.3">>},0}]}.
[
{pkg_hash,[
 {<<"quickrand">>, <<"0E4FB48FAC904FE0C6E21D7E8C31A288A0700E1E81A35B38B649FC119079755D">>},
 {<<"uuid">>, <<"C5DF97D1A3D626235C2415E74053C47B2138BB863C5CD802AB5CAECB8ECC019F">>}]}
].
